
Microsoft Visual Studio Solution File, Format Version 12.00
# Visual Studio 2013
VisualStudioVersion = 12.0.40629.0
MinimumVisualStudioVersion = 10.0.40219.1
Project("{2150E333-8FDC-42A3-9474-1A3956D46DE8}") = "ClientDiProva", "ClientDiProva", "{593B3DA5-7F48-46B2-B78F-6666DECC7B22}"
EndProject
Project("{D954291E-2A0B-460D-934E-DC6B0785DB48}") = "ClientDiProva.Shared", "ClientDiProva\ClientDiProva.Shared\ClientDiProva.Shared.shproj", "{356E54CB-7EC0-4FB6-BBFD-A99E56E338C3}"
EndProject
Project("{FAE04EC0-301F-11D3-BF4B-00C04F79EFBC}") = "ClientDiProva.Windows", "ClientDiProva\ClientDiProva.Windows\ClientDiProva.Windows.csproj", "{A08D9EDF-83C2-446C-B9C1-398F491EC85F}"
EndProject
Project("{FAE04EC0-301F-11D3-BF4B-00C04F79EFBC}") = "ClientDiProva.WindowsPhone", "ClientDiProva\ClientDiProva.WindowsPhone\ClientDiProva.WindowsPhone.csproj", "{2A8F477F-A3A4-4084-9516-3C77CC17CEBE}"
EndProject
Global
	GlobalSection(SharedMSBuildProjectFiles) = preSolution
		ClientDiProva\ClientDiProva.Shared\ClientDiProva.Shared.projitems*{2a8f477f-a3a4-4084-9516-3c77cc17cebe}*SharedItemsImports = 4
		ClientDiProva\ClientDiProva.Shared\ClientDiProva.Shared.projitems*{356e54cb-7ec0-4fb6-bbfd-a99e56e338c3}*SharedItemsImports = 13
		ClientDiProva\ClientDiProva.Shared\ClientDiProva.Shared.projitems*{a08d9edf-83c2-446c-b9c1-398f491ec85f}*SharedItemsImports = 4
	EndGlobalSection
	GlobalSection(SolutionConfigurationPlatforms) = preSolution
		Debug|Any CPU = Debug|Any CPU
		Debug|ARM = Debug|ARM
		Debug|x64 = Debug|x64
		Debug|x86 = Debug|x86
		Release|Any CPU = Release|Any CPU
		Release|ARM = Release|ARM
		Release|x64 = Release|x64
		Release|x86 = Release|x86
	EndGlobalSection
	GlobalSection(ProjectConfigurationPlatforms) = postSolution
		{A08D9EDF-83C2-446C-B9C1-398F491EC85F}.Debug|Any CPU.ActiveCfg = Debug|Any CPU
		{A08D9EDF-83C2-446C-B9C1-398F491EC85F}.Debug|Any CPU.Build.0 = Debug|Any CPU
		{A08D9EDF-83C2-446C-B9C1-398F491EC85F}.Debug|Any CPU.Deploy.0 = Debug|Any CPU
		{A08D9EDF-83C2-446C-B9C1-398F491EC85F}.Debug|ARM.ActiveCfg = Debug|ARM
		{A08D9EDF-83C2-446C-B9C1-398F491EC85F}.Debug|ARM.Build.0 = Debug|ARM
		{A08D9EDF-83C2-446C-B9C1-398F491EC85F}.Debug|ARM.Deploy.0 = Debug|ARM
		{A08D9EDF-83C2-446C-B9C1-398F491EC85F}.Debug|x64.ActiveCfg = Debug|x64
		{A08D9EDF-83C2-446C-B9C1-398F491EC85F}.Debug|x64.Build.0 = Debug|x64
		{A08D9EDF-83C2-446C-B9C1-398F491EC85F}.Debug|x64.Deploy.0 = Debug|x64
		{A08D9EDF-83C2-446C-B9C1-398F491EC85F}.Debug|x86.ActiveCfg = Debug|x86
		{A08D9EDF-83C2-446C-B9C1-398F491EC85F}.Debug|x86.Build.0 = Debug|x86
		{A08D9EDF-83C2-446C-B9C1-398F491EC85F}.Debug|x86.Deploy.0 = Debug|x86
		{A08D9EDF-83C2-446C-B9C1-398F491EC85F}.Release|Any CPU.ActiveCfg = Release|Any CPU
		{A08D9EDF-83C2-446C-B9C1-398F491EC85F}.Release|Any CPU.Build.0 = Release|Any CPU
		{A08D9EDF-83C2-446C-B9C1-398F491EC85F}.Release|Any CPU.Deploy.0 = Release|Any CPU
		{A08D9EDF-83C2-446C-B9C1-398F491EC85F}.Release|ARM.ActiveCfg = Release|ARM
		{A08D9EDF-83C2-446C-B9C1-398F491EC85F}.Release|ARM.Build.0 = Release|ARM
		{A08D9EDF-83C2-446C-B9C1-398F491EC85F}.Release|ARM.Deploy.0 = Release|ARM
		{A08D9EDF-83C2-446C-B9C1-398F491EC85F}.Release|x64.ActiveCfg = Release|x64
		{A08D9EDF-83C2-446C-B9C1-398F491EC85F}.Release|x64.Build.0 = Release|x64
		{A08D9EDF-83C2-446C-B9C1-398F491EC85F}.Release|x64.Deploy.0 = Release|x64
		{A08D9EDF-83C2-446C-B9C1-398F491EC85F}.Release|x86.ActiveCfg = Release|x86
		{A08D9EDF-83C2-446C-B9C1-398F491EC85F}.Release|x86.Build.0 = Release|x86
		{A08D9EDF-83C2-446C-B9C1-398F491EC85F}.Release|x86.Deploy.0 = Release|x86
		{2A8F477F-A3A4-4084-9516-3C77CC17CEBE}.Debug|Any CPU.ActiveCfg = Debug|Any CPU
		{2A8F477F-A3A4-4084-9516-3C77CC17CEBE}.Debug|Any CPU.Build.0 = Debug|Any CPU
		{2A8F477F-A3A4-4084-9516-3C77CC17CEBE}.Debug|Any CPU.Deploy.0 = Debug|Any CPU
		{2A8F477F-A3A4-4084-9516-3C77CC17CEBE}.Debug|ARM.ActiveCfg = Debug|ARM
		{2A8F477F-A3A4-4084-9516-3C77CC17CEBE}.Debug|ARM.Build.0 = Debug|ARM
		{2A8F477F-A3A4-4084-9516-3C77CC17CEBE}.Debug|ARM.Deploy.0 = Debug|ARM
		{2A8F477F-A3A4-4084-9516-3C77CC17CEBE}.Debug|x64.ActiveCfg = Debug|Any CPU
		{2A8F477F-A3A4-4084-9516-3C77CC17CEBE}.Debug|x86.ActiveCfg = Debug|x86
		{2A8F477F-A3A4-4084-9516-3C77CC17CEBE}.Debug|x86.Build.0 = Debug|x86
		{2A8F477F-A3A4-4084-9516-3C77CC17CEBE}.Debug|x86.Deploy.0 = Debug|x86
		{2A8F477F-A3A4-4084-9516-3C77CC17CEBE}.Release|Any CPU.ActiveCfg = Release|Any CPU
		{2A8F477F-A3A4-4084-9516-3C77CC17CEBE}.Release|Any CPU.Build.0 = Release|Any CPU
		{2A8F477F-A3A4-4084-9516-3C77CC17CEBE}.Release|Any CPU.Deploy.0 = Release|Any CPU
		{2A8F477F-A3A4-4084-9516-3C77CC17CEBE}.Release|ARM.ActiveCfg = Release|ARM
		{2A8F477F-A3A4-4084-9516-3C77CC17CEBE}.Release|ARM.Build.0 = Release|ARM
		{2A8F477F-A3A4-4084-9516-3C77CC17CEBE}.Release|ARM.Deploy.0 = Release|ARM
		{2A8F477F-A3A4-4084-9516-3C77CC17CEBE}.Release|x64.ActiveCfg = Release|Any CPU
		{2A8F477F-A3A4-4084-9516-3C77CC17CEBE}.Release|x86.ActiveCfg = Release|x86
		{2A8F477F-A3A4-4084-9516-3C77CC17CEBE}.Release|x86.Build.0 = Release|x86
		{2A8F477F-A3A4-4084-9516-3C77CC17CEBE}.Release|x86.Deploy.0 = Release|x86
	EndGlobalSection
	GlobalSection(SolutionProperties) = preSolution
		HideSolutionNode = FALSE
	EndGlobalSection
	GlobalSection(NestedProjects) = preSolution
		{356E54CB-7EC0-4FB6-BBFD-A99E56E338C3} = {593B3DA5-7F48-46B2-B78F-6666DECC7B22}
		{A08D9EDF-83C2-446C-B9C1-398F491EC85F} = {593B3DA5-7F48-46B2-B78F-6666DECC7B22}
		{2A8F477F-A3A4-4084-9516-3C77CC17CEBE} = {593B3DA5-7F48-46B2-B78F-6666DECC7B22}
	EndGlobalSection
EndGlobal
