<?xml version="1.0" encoding="utf-8"?>
<Project ToolsVersion="12.0" xmlns="http://schemas.microsoft.com/developer/msbuild/2003">
  <ItemGroup>
    <Filter Include="Comuni">
      <UniqueIdentifier>8f1c10fa-53d7-408f-b4f3-1696975efc76</UniqueIdentifier>
    </Filter>
    <Filter Include="Asset">
      <UniqueIdentifier>4ee23fdb-7392-464b-b485-c6dbfd87012a</UniqueIdentifier>
      <Extensions>bmp;fbx;gif;jpg;jpeg;tga;tiff;tif;png</Extensions>
    </Filter>
    <Image Include="Assets\Logo.scale-100.png">
      <Filter>Asset</Filter>
    </Image>
    <Image Include="Assets\SmallLogo.scale-100.png">
      <Filter>Asset</Filter>
    </Image>
    <Image Include="Assets\StoreLogo.scale-100.png">
      <Filter>Asset</Filter>
    </Image>
    <Image Include="Assets\SplashScreen.scale-100.png">
      <Filter>Asset</Filter>
    </Image>
    <Filter Include="Common">
      <UniqueIdentifier>{da2ac8ec-73ee-49a4-bb30-899e9a6b8d18}</UniqueIdentifier>
    </Filter>
  </ItemGroup>
  <ItemGroup>
    <ApplicationDefinition Include="App.xaml" />
  </ItemGroup>
  <ItemGroup>
    <ClCompile Include="App.xaml.cpp" />
    <ClCompile Include="MainPage.xaml.cpp" />
    <ClCompile Include="pch.cpp" />
    <ClCompile Include="Common\NavigationHelper.cpp">
      <Filter>Common</Filter>
    </ClCompile>
    <ClCompile Include="Common\RelayCommand.cpp">
      <Filter>Common</Filter>
    </ClCompile>
    <ClCompile Include="Common\SuspensionManager.cpp">
      <Filter>Common</Filter>
    </ClCompile>
    <ClCompile Include="LogIn.xaml.cpp" />
    <ClCompile Include="Register.xaml.cpp" />
    <ClCompile Include="StorageClientAPP.xaml.cpp" />
    <ClCompile Include="ClientMain.cpp" />
    <ClCompile Include="SQlite_db.cpp" />
  </ItemGroup>
  <ItemGroup>
    <ClInclude Include="pch.h" />
    <ClInclude Include="App.xaml.h" />
    <ClInclude Include="MainPage.xaml.h" />
    <ClInclude Include="Common\NavigationHelper.h">
      <Filter>Common</Filter>
    </ClInclude>
    <ClInclude Include="Common\RelayCommand.h">
      <Filter>Common</Filter>
    </ClInclude>
    <ClInclude Include="Common\SuspensionManager.h">
      <Filter>Common</Filter>
    </ClInclude>
    <ClInclude Include="LogIn.xaml.h" />
    <ClInclude Include="Register.xaml.h" />
    <ClInclude Include="StorageClientAPP.xaml.h" />
    <ClInclude Include="ClientMain.h" />
    <ClInclude Include="SQlite_db.h" />
  </ItemGroup>
  <ItemGroup>
    <AppxManifest Include="Package.appxmanifest" />
  </ItemGroup>
  <ItemGroup>
    <None Include="StorageClient_TemporaryKey.pfx" />
    <None Include="packages.config" />
  </ItemGroup>
  <ItemGroup>
    <Page Include="MainPage.xaml" />
    <Page Include="LogIn.xaml" />
    <Page Include="Register.xaml" />
    <Page Include="StorageClientAPP.xaml" />
  </ItemGroup>
</Project>